// !$*UTF8*$!
{
	archiveVersion = 1;
	classes = {
	};
	objectVersion = 54;
	objects = {

/* Begin PBXBuildFile section */
		640204AF2B0B01070021D067 /* QNRtcAudioEffectMixer.h in Headers */ = {isa = PBXBuildFile; fileRef = 640204AE2B0B01070021D067 /* QNRtcAudioEffectMixer.h */; };
		640204B12B0B01110021D067 /* QNRtcAudioEffectMixer.m in Sources */ = {isa = PBXBuildFile; fileRef = 640204B02B0B01110021D067 /* QNRtcAudioEffectMixer.m */; };
		640204B32B0B4E440021D067 /* QNRtcAudioEffect.h in Headers */ = {isa = PBXBuildFile; fileRef = 640204B22B0B4E440021D067 /* QNRtcAudioEffect.h */; };
		640204B52B0B4E4B0021D067 /* QNRtcAudioEffect.m in Sources */ = {isa = PBXBuildFile; fileRef = 640204B42B0B4E4B0021D067 /* QNRtcAudioEffect.m */; };
		640A803B2B046C9900F8021D /* QNRtcAudioMusicMixer.m in Sources */ = {isa = PBXBuildFile; fileRef = 640A803A2B046C9800F8021D /* QNRtcAudioMusicMixer.m */; };
		640A803D2B046C9F00F8021D /* QNRtcAudioMusicMixer.h in Headers */ = {isa = PBXBuildFile; fileRef = 640A803C2B046C9E00F8021D /* QNRtcAudioMusicMixer.h */; };
		643C347326F21500007DDBD3 /* QNRtcEngine.m in Sources */ = {isa = PBXBuildFile; fileRef = 643C347226F21500007DDBD3 /* QNRtcEngine.m */; };
		643C347526F21523007DDBD3 /* QNRtcEngine.h in Headers */ = {isa = PBXBuildFile; fileRef = 643C347426F21523007DDBD3 /* QNRtcEngine.h */; };
		64906FDE2AF8E9A900E424A3 /* QNRtcNative.m in Sources */ = {isa = PBXBuildFile; fileRef = 64906FDC2AF8E9A800E424A3 /* QNRtcNative.m */; };
		64906FDF2AF8E9A900E424A3 /* QNRtcNative.h in Headers */ = {isa = PBXBuildFile; fileRef = 64906FDD2AF8E9A800E424A3 /* QNRtcNative.h */; };
		64906FEA2AF8EC3100E424A3 /* QNRtcUniAdapter.h in Headers */ = {isa = PBXBuildFile; fileRef = 64906FE62AF8EC3000E424A3 /* QNRtcUniAdapter.h */; };
		64906FEB2AF8EC3100E424A3 /* QNRtcUniAdapter.m in Sources */ = {isa = PBXBuildFile; fileRef = 64906FE72AF8EC3000E424A3 /* QNRtcUniAdapter.m */; };
		64906FEC2AF8EC3100E424A3 /* QNRtcTools.h in Headers */ = {isa = PBXBuildFile; fileRef = 64906FE82AF8EC3000E424A3 /* QNRtcTools.h */; };
		64906FED2AF8EC3100E424A3 /* QNRtcTools.m in Sources */ = {isa = PBXBuildFile; fileRef = 64906FE92AF8EC3100E424A3 /* QNRtcTools.m */; };
		649070172AF9FE0A00E424A3 /* QNRTCKit.framework in Frameworks */ = {isa = PBXBuildFile; fileRef = 649070152AF9FCCE00E424A3 /* QNRTCKit.framework */; platformFilter = ios; };
		649070182AF9FE0A00E424A3 /* QNRTCKit.framework in Embed Frameworks */ = {isa = PBXBuildFile; fileRef = 649070152AF9FCCE00E424A3 /* QNRTCKit.framework */; platformFilter = ios; settings = {ATTRIBUTES = (CodeSignOnCopy, RemoveHeadersOnCopy, ); }; };
		6490703D2AFA0A5C00E424A3 /* HappyDNS.framework in Frameworks */ = {isa = PBXBuildFile; fileRef = 649070392AFA0A3F00E424A3 /* HappyDNS.framework */; platformFilter = ios; };
		6490703E2AFA0A5C00E424A3 /* HappyDNS.framework in Embed Frameworks */ = {isa = PBXBuildFile; fileRef = 649070392AFA0A3F00E424A3 /* HappyDNS.framework */; platformFilter = ios; settings = {ATTRIBUTES = (CodeSignOnCopy, RemoveHeadersOnCopy, ); }; };
		64C27A3E2AFA10EA003076B9 /* QNRtcLocalTrack.h in Headers */ = {isa = PBXBuildFile; fileRef = 64C27A3C2AFA10EA003076B9 /* QNRtcLocalTrack.h */; };
		64C27A3F2AFA10EA003076B9 /* QNRtcLocalTrack.m in Sources */ = {isa = PBXBuildFile; fileRef = 64C27A3D2AFA10EA003076B9 /* QNRtcLocalTrack.m */; };
		64C27A452AFA1552003076B9 /* QNCustomView.m in Sources */ = {isa = PBXBuildFile; fileRef = 64C27A402AFA1552003076B9 /* QNCustomView.m */; };
		64C27A462AFA1552003076B9 /* QNRtcSurfaceView.h in Headers */ = {isa = PBXBuildFile; fileRef = 64C27A412AFA1552003076B9 /* QNRtcSurfaceView.h */; };
		64C27A472AFA1552003076B9 /* QNRtcSurfaceView.m in Sources */ = {isa = PBXBuildFile; fileRef = 64C27A422AFA1552003076B9 /* QNRtcSurfaceView.m */; };
		64C27A482AFA1552003076B9 /* QNRtcEvent.h in Headers */ = {isa = PBXBuildFile; fileRef = 64C27A432AFA1552003076B9 /* QNRtcEvent.h */; };
		64C27A492AFA1552003076B9 /* QNCustomView.h in Headers */ = {isa = PBXBuildFile; fileRef = 64C27A442AFA1552003076B9 /* QNCustomView.h */; };
		64C27A4E2AFA1915003076B9 /* QNRtcTrack.h in Headers */ = {isa = PBXBuildFile; fileRef = 64C27A4A2AFA1915003076B9 /* QNRtcTrack.h */; };
		64C27A4F2AFA1915003076B9 /* QNRtcClient.h in Headers */ = {isa = PBXBuildFile; fileRef = 64C27A4B2AFA1915003076B9 /* QNRtcClient.h */; };
		64C27A502AFA1915003076B9 /* QNRtcTrack.m in Sources */ = {isa = PBXBuildFile; fileRef = 64C27A4C2AFA1915003076B9 /* QNRtcTrack.m */; };
		64C27A512AFA1915003076B9 /* QNRtcClient.m in Sources */ = {isa = PBXBuildFile; fileRef = 64C27A4D2AFA1915003076B9 /* QNRtcClient.m */; };
/* End PBXBuildFile section */

/* Begin PBXCopyFilesBuildPhase section */
		649070142AF9FC4B00E424A3 /* Embed Frameworks */ = {
			isa = PBXCopyFilesBuildPhase;
			buildActionMask = 2147483647;
			dstPath = "";
			dstSubfolderSpec = 10;
			files = (
				649070182AF9FE0A00E424A3 /* QNRTCKit.framework in Embed Frameworks */,
				6490703E2AFA0A5C00E424A3 /* HappyDNS.framework in Embed Frameworks */,
			);
			name = "Embed Frameworks";
			runOnlyForDeploymentPostprocessing = 0;
		};
/* End PBXCopyFilesBuildPhase section */

/* Begin PBXFileReference section */
		640204AE2B0B01070021D067 /* QNRtcAudioEffectMixer.h */ = {isa = PBXFileReference; fileEncoding = 4; lastKnownFileType = sourcecode.c.h; path = QNRtcAudioEffectMixer.h; sourceTree = "<group>"; };
		640204B02B0B01110021D067 /* QNRtcAudioEffectMixer.m */ = {isa = PBXFileReference; fileEncoding = 4; lastKnownFileType = sourcecode.c.objc; path = QNRtcAudioEffectMixer.m; sourceTree = "<group>"; };
		640204B22B0B4E440021D067 /* QNRtcAudioEffect.h */ = {isa = PBXFileReference; fileEncoding = 4; lastKnownFileType = sourcecode.c.h; path = QNRtcAudioEffect.h; sourceTree = "<group>"; };
		640204B42B0B4E4B0021D067 /* QNRtcAudioEffect.m */ = {isa = PBXFileReference; fileEncoding = 4; lastKnownFileType = sourcecode.c.objc; path = QNRtcAudioEffect.m; sourceTree = "<group>"; };
		6409D5CF26F19B92001B641D /* QNRtcUniPlugin.framework */ = {isa = PBXFileReference; explicitFileType = wrapper.framework; includeInIndex = 0; path = QNRtcUniPlugin.framework; sourceTree = BUILT_PRODUCTS_DIR; };
		6409D5D326F19B92001B641D /* Info.plist */ = {isa = PBXFileReference; lastKnownFileType = text.plist.xml; path = Info.plist; sourceTree = "<group>"; };
		640A803A2B046C9800F8021D /* QNRtcAudioMusicMixer.m */ = {isa = PBXFileReference; fileEncoding = 4; lastKnownFileType = sourcecode.c.objc; path = QNRtcAudioMusicMixer.m; sourceTree = "<group>"; };
		640A803C2B046C9E00F8021D /* QNRtcAudioMusicMixer.h */ = {isa = PBXFileReference; fileEncoding = 4; lastKnownFileType = sourcecode.c.h; path = QNRtcAudioMusicMixer.h; sourceTree = "<group>"; };
		643C347226F21500007DDBD3 /* QNRtcEngine.m */ = {isa = PBXFileReference; lastKnownFileType = sourcecode.c.objc; path = QNRtcEngine.m; sourceTree = "<group>"; };
		643C347426F21523007DDBD3 /* QNRtcEngine.h */ = {isa = PBXFileReference; lastKnownFileType = sourcecode.c.h; path = QNRtcEngine.h; sourceTree = "<group>"; };
		64906FDC2AF8E9A800E424A3 /* QNRtcNative.m */ = {isa = PBXFileReference; fileEncoding = 4; lastKnownFileType = sourcecode.c.objc; path = QNRtcNative.m; sourceTree = "<group>"; };
		64906FDD2AF8E9A800E424A3 /* QNRtcNative.h */ = {isa = PBXFileReference; fileEncoding = 4; lastKnownFileType = sourcecode.c.h; path = QNRtcNative.h; sourceTree = "<group>"; };
		64906FE62AF8EC3000E424A3 /* QNRtcUniAdapter.h */ = {isa = PBXFileReference; fileEncoding = 4; lastKnownFileType = sourcecode.c.h; path = QNRtcUniAdapter.h; sourceTree = "<group>"; };
		64906FE72AF8EC3000E424A3 /* QNRtcUniAdapter.m */ = {isa = PBXFileReference; fileEncoding = 4; lastKnownFileType = sourcecode.c.objc; path = QNRtcUniAdapter.m; sourceTree = "<group>"; };
		64906FE82AF8EC3000E424A3 /* QNRtcTools.h */ = {isa = PBXFileReference; fileEncoding = 4; lastKnownFileType = sourcecode.c.h; path = QNRtcTools.h; sourceTree = "<group>"; };
		64906FE92AF8EC3100E424A3 /* QNRtcTools.m */ = {isa = PBXFileReference; fileEncoding = 4; lastKnownFileType = sourcecode.c.objc; path = QNRtcTools.m; sourceTree = "<group>"; };
		649070152AF9FCCE00E424A3 /* QNRTCKit.framework */ = {isa = PBXFileReference; lastKnownFileType = wrapper.framework; path = QNRTCKit.framework; sourceTree = "<group>"; };
		649070392AFA0A3F00E424A3 /* HappyDNS.framework */ = {isa = PBXFileReference; lastKnownFileType = wrapper.framework; path = HappyDNS.framework; sourceTree = "<group>"; };
		64C27A3C2AFA10EA003076B9 /* QNRtcLocalTrack.h */ = {isa = PBXFileReference; fileEncoding = 4; lastKnownFileType = sourcecode.c.h; path = QNRtcLocalTrack.h; sourceTree = "<group>"; };
		64C27A3D2AFA10EA003076B9 /* QNRtcLocalTrack.m */ = {isa = PBXFileReference; fileEncoding = 4; lastKnownFileType = sourcecode.c.objc; path = QNRtcLocalTrack.m; sourceTree = "<group>"; };
		64C27A402AFA1552003076B9 /* QNCustomView.m */ = {isa = PBXFileReference; fileEncoding = 4; lastKnownFileType = sourcecode.c.objc; path = QNCustomView.m; sourceTree = "<group>"; };
		64C27A412AFA1552003076B9 /* QNRtcSurfaceView.h */ = {isa = PBXFileReference; fileEncoding = 4; lastKnownFileType = sourcecode.c.h; path = QNRtcSurfaceView.h; sourceTree = "<group>"; };
		64C27A422AFA1552003076B9 /* QNRtcSurfaceView.m */ = {isa = PBXFileReference; fileEncoding = 4; lastKnownFileType = sourcecode.c.objc; path = QNRtcSurfaceView.m; sourceTree = "<group>"; };
		64C27A432AFA1552003076B9 /* QNRtcEvent.h */ = {isa = PBXFileReference; fileEncoding = 4; lastKnownFileType = sourcecode.c.h; path = QNRtcEvent.h; sourceTree = "<group>"; };
		64C27A442AFA1552003076B9 /* QNCustomView.h */ = {isa = PBXFileReference; fileEncoding = 4; lastKnownFileType = sourcecode.c.h; path = QNCustomView.h; sourceTree = "<group>"; };
		64C27A4A2AFA1915003076B9 /* QNRtcTrack.h */ = {isa = PBXFileReference; fileEncoding = 4; lastKnownFileType = sourcecode.c.h; path = QNRtcTrack.h; sourceTree = "<group>"; };
		64C27A4B2AFA1915003076B9 /* QNRtcClient.h */ = {isa = PBXFileReference; fileEncoding = 4; lastKnownFileType = sourcecode.c.h; path = QNRtcClient.h; sourceTree = "<group>"; };
		64C27A4C2AFA1915003076B9 /* QNRtcTrack.m */ = {isa = PBXFileReference; fileEncoding = 4; lastKnownFileType = sourcecode.c.objc; path = QNRtcTrack.m; sourceTree = "<group>"; };
		64C27A4D2AFA1915003076B9 /* QNRtcClient.m */ = {isa = PBXFileReference; fileEncoding = 4; lastKnownFileType = sourcecode.c.objc; path = QNRtcClient.m; sourceTree = "<group>"; };
/* End PBXFileReference section */

/* Begin PBXFrameworksBuildPhase section */
		6409D5CC26F19B91001B641D /* Frameworks */ = {
			isa = PBXFrameworksBuildPhase;
			buildActionMask = 2147483647;
			files = (
				649070172AF9FE0A00E424A3 /* QNRTCKit.framework in Frameworks */,
				6490703D2AFA0A5C00E424A3 /* HappyDNS.framework in Frameworks */,
			);
			runOnlyForDeploymentPostprocessing = 0;
		};
/* End PBXFrameworksBuildPhase section */

/* Begin PBXGroup section */
		6409D5C526F19B91001B641D = {
			isa = PBXGroup;
			children = (
				64B1200B273923D10006C4B2 /* Products */,
				6451D2BA26F19D7C00B1F04E /* Frameworks */,
				6409D5D126F19B92001B641D /* QNRtcUniPlugin */,
				6409D5D026F19B92001B641D /* Products */,
			);
			sourceTree = "<group>";
		};
		6409D5D026F19B92001B641D /* Products */ = {
			isa = PBXGroup;
			children = (
				6409D5CF26F19B92001B641D /* QNRtcUniPlugin.framework */,
			);
			name = Products;
			sourceTree = "<group>";
		};
		6409D5D126F19B92001B641D /* QNRtcUniPlugin */ = {
			isa = PBXGroup;
			children = (
				640204AE2B0B01070021D067 /* QNRtcAudioEffectMixer.h */,
				640204B02B0B01110021D067 /* QNRtcAudioEffectMixer.m */,
				64C27A4B2AFA1915003076B9 /* QNRtcClient.h */,
				640204B22B0B4E440021D067 /* QNRtcAudioEffect.h */,
				640204B42B0B4E4B0021D067 /* QNRtcAudioEffect.m */,
				64C27A4D2AFA1915003076B9 /* QNRtcClient.m */,
				64C27A4A2AFA1915003076B9 /* QNRtcTrack.h */,
				64C27A4C2AFA1915003076B9 /* QNRtcTrack.m */,
				640A803A2B046C9800F8021D /* QNRtcAudioMusicMixer.m */,
				640A803C2B046C9E00F8021D /* QNRtcAudioMusicMixer.h */,
				64C27A442AFA1552003076B9 /* QNCustomView.h */,
				64C27A402AFA1552003076B9 /* QNCustomView.m */,
				64C27A432AFA1552003076B9 /* QNRtcEvent.h */,
				64C27A412AFA1552003076B9 /* QNRtcSurfaceView.h */,
				64C27A422AFA1552003076B9 /* QNRtcSurfaceView.m */,
				64C27A3C2AFA10EA003076B9 /* QNRtcLocalTrack.h */,
				64C27A3D2AFA10EA003076B9 /* QNRtcLocalTrack.m */,
				64906FE82AF8EC3000E424A3 /* QNRtcTools.h */,
				64906FE92AF8EC3100E424A3 /* QNRtcTools.m */,
				64906FE62AF8EC3000E424A3 /* QNRtcUniAdapter.h */,
				64906FE72AF8EC3000E424A3 /* QNRtcUniAdapter.m */,
				643C347226F21500007DDBD3 /* QNRtcEngine.m */,
				643C347426F21523007DDBD3 /* QNRtcEngine.h */,
				64906FDD2AF8E9A800E424A3 /* QNRtcNative.h */,
				64906FDC2AF8E9A800E424A3 /* QNRtcNative.m */,
				6409D5D326F19B92001B641D /* Info.plist */,
			);
			path = QNRtcUniPlugin;
			sourceTree = "<group>";
		};
		6451D2BA26F19D7C00B1F04E /* Frameworks */ = {
			isa = PBXGroup;
			children = (
				649070392AFA0A3F00E424A3 /* HappyDNS.framework */,
				649070152AF9FCCE00E424A3 /* QNRTCKit.framework */,
			);
			name = Frameworks;
			sourceTree = "<group>";
		};
		64B1200B273923D10006C4B2 /* Products */ = {
			isa = PBXGroup;
			children = (
			);
			name = Products;
			sourceTree = "<group>";
		};
/* End PBXGroup section */

/* Begin PBXHeadersBuildPhase section */
		6409D5CA26F19B91001B641D /* Headers */ = {
			isa = PBXHeadersBuildPhase;
			buildActionMask = 2147483647;
			files = (
				64906FDF2AF8E9A900E424A3 /* QNRtcNative.h in Headers */,
				64C27A492AFA1552003076B9 /* QNCustomView.h in Headers */,
				64C27A3E2AFA10EA003076B9 /* QNRtcLocalTrack.h in Headers */,
				64C27A482AFA1552003076B9 /* QNRtcEvent.h in Headers */,
				64906FEA2AF8EC3100E424A3 /* QNRtcUniAdapter.h in Headers */,
				643C347526F21523007DDBD3 /* QNRtcEngine.h in Headers */,
				64C27A4F2AFA1915003076B9 /* QNRtcClient.h in Headers */,
				64C27A462AFA1552003076B9 /* QNRtcSurfaceView.h in Headers */,
				640A803D2B046C9F00F8021D /* QNRtcAudioMusicMixer.h in Headers */,
				640204AF2B0B01070021D067 /* QNRtcAudioEffectMixer.h in Headers */,
				64C27A4E2AFA1915003076B9 /* QNRtcTrack.h in Headers */,
				640204B32B0B4E440021D067 /* QNRtcAudioEffect.h in Headers */,
				64906FEC2AF8EC3100E424A3 /* QNRtcTools.h in Headers */,
			);
			runOnlyForDeploymentPostprocessing = 0;
		};
/* End PBXHeadersBuildPhase section */

/* Begin PBXNativeTarget section */
		6409D5CE26F19B91001B641D /* QNRtcUniPlugin */ = {
			isa = PBXNativeTarget;
			buildConfigurationList = 6409D5D726F19B92001B641D /* Build configuration list for PBXNativeTarget "QNRtcUniPlugin" */;
			buildPhases = (
				6409D5CA26F19B91001B641D /* Headers */,
				6409D5CB26F19B91001B641D /* Sources */,
				6409D5CC26F19B91001B641D /* Frameworks */,
				6409D5CD26F19B91001B641D /* Resources */,
				649070142AF9FC4B00E424A3 /* Embed Frameworks */,
			);
			buildRules = (
			);
			dependencies = (
			);
			name = QNRtcUniPlugin;
			productName = QNRtcUniPlugin;
			productReference = 6409D5CF26F19B92001B641D /* QNRtcUniPlugin.framework */;
			productType = "com.apple.product-type.framework";
		};
/* End PBXNativeTarget section */

/* Begin PBXProject section */
		6409D5C626F19B91001B641D /* Project object */ = {
			isa = PBXProject;
			attributes = {
				LastUpgradeCheck = 1250;
				TargetAttributes = {
					6409D5CE26F19B91001B641D = {
						CreatedOnToolsVersion = 12.5.1;
						LastSwiftMigration = 1500;
					};
				};
			};
			buildConfigurationList = 6409D5C926F19B91001B641D /* Build configuration list for PBXProject "QNRtcUniPlugin" */;
			compatibilityVersion = "Xcode 9.3";
			developmentRegion = en;
			hasScannedForEncodings = 0;
			knownRegions = (
				en,
				Base,
			);
			mainGroup = 6409D5C526F19B91001B641D;
			productRefGroup = 6409D5D026F19B92001B641D /* Products */;
			projectDirPath = "";
			projectRoot = "";
			targets = (
				6409D5CE26F19B91001B641D /* QNRtcUniPlugin */,
			);
		};
/* End PBXProject section */

/* Begin PBXResourcesBuildPhase section */
		6409D5CD26F19B91001B641D /* Resources */ = {
			isa = PBXResourcesBuildPhase;
			buildActionMask = 2147483647;
			files = (
			);
			runOnlyForDeploymentPostprocessing = 0;
		};
/* End PBXResourcesBuildPhase section */

/* Begin PBXSourcesBuildPhase section */
		6409D5CB26F19B91001B641D /* Sources */ = {
			isa = PBXSourcesBuildPhase;
			buildActionMask = 2147483647;
			files = (
				64C27A472AFA1552003076B9 /* QNRtcSurfaceView.m in Sources */,
				643C347326F21500007DDBD3 /* QNRtcEngine.m in Sources */,
				64C27A3F2AFA10EA003076B9 /* QNRtcLocalTrack.m in Sources */,
				640A803B2B046C9900F8021D /* QNRtcAudioMusicMixer.m in Sources */,
				64906FEB2AF8EC3100E424A3 /* QNRtcUniAdapter.m in Sources */,
				64C27A512AFA1915003076B9 /* QNRtcClient.m in Sources */,
				640204B12B0B01110021D067 /* QNRtcAudioEffectMixer.m in Sources */,
				64C27A502AFA1915003076B9 /* QNRtcTrack.m in Sources */,
				640204B52B0B4E4B0021D067 /* QNRtcAudioEffect.m in Sources */,
				64906FED2AF8EC3100E424A3 /* QNRtcTools.m in Sources */,
				64C27A452AFA1552003076B9 /* QNCustomView.m in Sources */,
				64906FDE2AF8E9A900E424A3 /* QNRtcNative.m in Sources */,
			);
			runOnlyForDeploymentPostprocessing = 0;
		};
/* End PBXSourcesBuildPhase section */

/* Begin XCBuildConfiguration section */
		6409D5D526F19B92001B641D /* Debug */ = {
			isa = XCBuildConfiguration;
			buildSettings = {
				ALWAYS_SEARCH_USER_PATHS = NO;
				CLANG_ANALYZER_NONNULL = YES;
				CLANG_ANALYZER_NUMBER_OBJECT_CONVERSION = YES_AGGRESSIVE;
				CLANG_CXX_LANGUAGE_STANDARD = "gnu++14";
				CLANG_CXX_LIBRARY = "libc++";
				CLANG_ENABLE_MODULES = YES;
				CLANG_ENABLE_OBJC_ARC = YES;
				CLANG_ENABLE_OBJC_WEAK = YES;
				CLANG_WARN_BLOCK_CAPTURE_AUTORELEASING = YES;
				CLANG_WARN_BOOL_CONVERSION = YES;
				CLANG_WARN_COMMA = YES;
				CLANG_WARN_CONSTANT_CONVERSION = YES;
				CLANG_WARN_DEPRECATED_OBJC_IMPLEMENTATIONS = YES;
				CLANG_WARN_DIRECT_OBJC_ISA_USAGE = YES_ERROR;
				CLANG_WARN_DOCUMENTATION_COMMENTS = YES;
				CLANG_WARN_EMPTY_BODY = YES;
				CLANG_WARN_ENUM_CONVERSION = YES;
				CLANG_WARN_INFINITE_RECURSION = YES;
				CLANG_WARN_INT_CONVERSION = YES;
				CLANG_WARN_NON_LITERAL_NULL_CONVERSION = YES;
				CLANG_WARN_OBJC_IMPLICIT_RETAIN_SELF = YES;
				CLANG_WARN_OBJC_LITERAL_CONVERSION = YES;
				CLANG_WARN_OBJC_ROOT_CLASS = YES_ERROR;
				CLANG_WARN_QUOTED_INCLUDE_IN_FRAMEWORK_HEADER = YES;
				CLANG_WARN_RANGE_LOOP_ANALYSIS = YES;
				CLANG_WARN_STRICT_PROTOTYPES = YES;
				CLANG_WARN_SUSPICIOUS_MOVE = YES;
				CLANG_WARN_UNGUARDED_AVAILABILITY = YES_AGGRESSIVE;
				CLANG_WARN_UNREACHABLE_CODE = YES;
				CLANG_WARN__DUPLICATE_METHOD_MATCH = YES;
				COPY_PHASE_STRIP = NO;
				CURRENT_PROJECT_VERSION = 1;
				DEBUG_INFORMATION_FORMAT = dwarf;
				ENABLE_STRICT_OBJC_MSGSEND = YES;
				ENABLE_TESTABILITY = YES;
				GCC_C_LANGUAGE_STANDARD = gnu11;
				GCC_DYNAMIC_NO_PIC = NO;
				GCC_NO_COMMON_BLOCKS = YES;
				GCC_OPTIMIZATION_LEVEL = 0;
				GCC_PREPROCESSOR_DEFINITIONS = (
					"DEBUG=1",
					"$(inherited)",
				);
				GCC_WARN_64_TO_32_BIT_CONVERSION = YES;
				GCC_WARN_ABOUT_RETURN_TYPE = YES_ERROR;
				GCC_WARN_UNDECLARED_SELECTOR = YES;
				GCC_WARN_UNINITIALIZED_AUTOS = YES_AGGRESSIVE;
				GCC_WARN_UNUSED_FUNCTION = YES;
				GCC_WARN_UNUSED_VARIABLE = YES;
				IPHONEOS_DEPLOYMENT_TARGET = 14.5;
				MTL_ENABLE_DEBUG_INFO = INCLUDE_SOURCE;
				MTL_FAST_MATH = YES;
				ONLY_ACTIVE_ARCH = YES;
				SDKROOT = iphoneos;
				VERSIONING_SYSTEM = "apple-generic";
				VERSION_INFO_PREFIX = "";
			};
			name = Debug;
		};
		6409D5D626F19B92001B641D /* Release */ = {
			isa = XCBuildConfiguration;
			buildSettings = {
				ALWAYS_SEARCH_USER_PATHS = NO;
				CLANG_ANALYZER_NONNULL = YES;
				CLANG_ANALYZER_NUMBER_OBJECT_CONVERSION = YES_AGGRESSIVE;
				CLANG_CXX_LANGUAGE_STANDARD = "gnu++14";
				CLANG_CXX_LIBRARY = "libc++";
				CLANG_ENABLE_MODULES = YES;
				CLANG_ENABLE_OBJC_ARC = YES;
				CLANG_ENABLE_OBJC_WEAK = YES;
				CLANG_WARN_BLOCK_CAPTURE_AUTORELEASING = YES;
				CLANG_WARN_BOOL_CONVERSION = YES;
				CLANG_WARN_COMMA = YES;
				CLANG_WARN_CONSTANT_CONVERSION = YES;
				CLANG_WARN_DEPRECATED_OBJC_IMPLEMENTATIONS = YES;
				CLANG_WARN_DIRECT_OBJC_ISA_USAGE = YES_ERROR;
				CLANG_WARN_DOCUMENTATION_COMMENTS = YES;
				CLANG_WARN_EMPTY_BODY = YES;
				CLANG_WARN_ENUM_CONVERSION = YES;
				CLANG_WARN_INFINITE_RECURSION = YES;
				CLANG_WARN_INT_CONVERSION = YES;
				CLANG_WARN_NON_LITERAL_NULL_CONVERSION = YES;
				CLANG_WARN_OBJC_IMPLICIT_RETAIN_SELF = YES;
				CLANG_WARN_OBJC_LITERAL_CONVERSION = YES;
				CLANG_WARN_OBJC_ROOT_CLASS = YES_ERROR;
				CLANG_WARN_QUOTED_INCLUDE_IN_FRAMEWORK_HEADER = YES;
				CLANG_WARN_RANGE_LOOP_ANALYSIS = YES;
				CLANG_WARN_STRICT_PROTOTYPES = YES;
				CLANG_WARN_SUSPICIOUS_MOVE = YES;
				CLANG_WARN_UNGUARDED_AVAILABILITY = YES_AGGRESSIVE;
				CLANG_WARN_UNREACHABLE_CODE = YES;
				CLANG_WARN__DUPLICATE_METHOD_MATCH = YES;
				COPY_PHASE_STRIP = NO;
				CURRENT_PROJECT_VERSION = 1;
				DEBUG_INFORMATION_FORMAT = "dwarf-with-dsym";
				ENABLE_NS_ASSERTIONS = NO;
				ENABLE_STRICT_OBJC_MSGSEND = YES;
				GCC_C_LANGUAGE_STANDARD = gnu11;
				GCC_NO_COMMON_BLOCKS = YES;
				GCC_WARN_64_TO_32_BIT_CONVERSION = YES;
				GCC_WARN_ABOUT_RETURN_TYPE = YES_ERROR;
				GCC_WARN_UNDECLARED_SELECTOR = YES;
				GCC_WARN_UNINITIALIZED_AUTOS = YES_AGGRESSIVE;
				GCC_WARN_UNUSED_FUNCTION = YES;
				GCC_WARN_UNUSED_VARIABLE = YES;
				IPHONEOS_DEPLOYMENT_TARGET = 14.5;
				MTL_ENABLE_DEBUG_INFO = NO;
				MTL_FAST_MATH = YES;
				SDKROOT = iphoneos;
				VALIDATE_PRODUCT = YES;
				VERSIONING_SYSTEM = "apple-generic";
				VERSION_INFO_PREFIX = "";
			};
			name = Release;
		};
		6409D5D826F19B92001B641D /* Debug */ = {
			isa = XCBuildConfiguration;
			buildSettings = {
				CLANG_ENABLE_MODULES = YES;
				CODE_SIGN_STYLE = Automatic;
				DEFINES_MODULE = YES;
				DEVELOPMENT_TEAM = W2TP34G2MM;
				DYLIB_COMPATIBILITY_VERSION = 1;
				DYLIB_CURRENT_VERSION = 1;
				DYLIB_INSTALL_NAME_BASE = "@rpath";
				FRAMEWORK_SEARCH_PATHS = (
					"$(inherited)",
					"$(PROJECT_DIR)",
				);
				HEADER_SEARCH_PATHS = "\"$(SRCROOT)/../../SDK/inc\"/**";
				INFOPLIST_FILE = QNRtcUniPlugin/Info.plist;
				INSTALL_PATH = "$(LOCAL_LIBRARY_DIR)/Frameworks";
				IPHONEOS_DEPLOYMENT_TARGET = 12.0;
				LD_RUNPATH_SEARCH_PATHS = (
					"$(inherited)",
					"@executable_path/Frameworks",
					"@loader_path/Frameworks",
				);
				MACH_O_TYPE = staticlib;
				PRODUCT_BUNDLE_IDENTIFIER = "pili-engineering.UNIAppKitTest";
				PRODUCT_NAME = "$(TARGET_NAME:c99extidentifier)";
				SKIP_INSTALL = YES;
				SWIFT_OPTIMIZATION_LEVEL = "-Onone";
				SWIFT_VERSION = 5.0;
				TARGETED_DEVICE_FAMILY = "1,2";
			};
			name = Debug;
		};
		6409D5D926F19B92001B641D /* Release */ = {
			isa = XCBuildConfiguration;
			buildSettings = {
				CLANG_ENABLE_MODULES = YES;
				CODE_SIGN_STYLE = Automatic;
				DEFINES_MODULE = YES;
				DEVELOPMENT_TEAM = W2TP34G2MM;
				DYLIB_COMPATIBILITY_VERSION = 1;
				DYLIB_CURRENT_VERSION = 1;
				DYLIB_INSTALL_NAME_BASE = "@rpath";
				FRAMEWORK_SEARCH_PATHS = (
					"$(inherited)",
					"$(PROJECT_DIR)",
				);
				HEADER_SEARCH_PATHS = "\"$(SRCROOT)/../../SDK/inc\"/**";
				INFOPLIST_FILE = QNRtcUniPlugin/Info.plist;
				INSTALL_PATH = "$(LOCAL_LIBRARY_DIR)/Frameworks";
				IPHONEOS_DEPLOYMENT_TARGET = 12.0;
				LD_RUNPATH_SEARCH_PATHS = (
					"$(inherited)",
					"@executable_path/Frameworks",
					"@loader_path/Frameworks",
				);
				MACH_O_TYPE = staticlib;
				PRODUCT_BUNDLE_IDENTIFIER = "pili-engineering.UNIAppKitTest";
				PRODUCT_NAME = "$(TARGET_NAME:c99extidentifier)";
				SKIP_INSTALL = YES;
				SWIFT_VERSION = 5.0;
				TARGETED_DEVICE_FAMILY = "1,2";
			};
			name = Release;
		};
/* End XCBuildConfiguration section */

/* Begin XCConfigurationList section */
		6409D5C926F19B91001B641D /* Build configuration list for PBXProject "QNRtcUniPlugin" */ = {
			isa = XCConfigurationList;
			buildConfigurations = (
				6409D5D526F19B92001B641D /* Debug */,
				6409D5D626F19B92001B641D /* Release */,
			);
			defaultConfigurationIsVisible = 0;
			defaultConfigurationName = Release;
		};
		6409D5D726F19B92001B641D /* Build configuration list for PBXNativeTarget "QNRtcUniPlugin" */ = {
			isa = XCConfigurationList;
			buildConfigurations = (
				6409D5D826F19B92001B641D /* Debug */,
				6409D5D926F19B92001B641D /* Release */,
			);
			defaultConfigurationIsVisible = 0;
			defaultConfigurationName = Release;
		};
/* End XCConfigurationList section */
	};
	rootObject = 6409D5C626F19B91001B641D /* Project object */;
}
